
Microsoft Visual Studio Solution File, Format Version 12.00
# Visual Studio Version 16
VisualStudioVersion = 16.0.29025.244
MinimumVisualStudioVersion = 10.0.40219.1
Project("{9A19103F-16F7-4668-BE54-9A1E7A4F7556}") = "HXShopCoreApp", "HXShopCoreApp\HXShopCoreApp.csproj", "{2A470A10-8738-4A14-8A1F-733EED6BE1A0}"
EndProject
Project("{2150E333-8FDC-42A3-9474-1A3956D46DE8}") = "1.Presentation", "1.Presentation", "{97DDE1F8-7F7A-4E2D-A0F6-81D244AA3646}"
EndProject
Project("{2150E333-8FDC-42A3-9474-1A3956D46DE8}") = "2.Application", "2.Application", "{36EB6C5C-F010-4BC7-B29C-91B462F5E591}"
EndProject
Project("{2150E333-8FDC-42A3-9474-1A3956D46DE8}") = "3.Domain", "3.Domain", "{F40AC325-2396-4D49-A94F-46F21848C794}"
EndProject
Project("{2150E333-8FDC-42A3-9474-1A3956D46DE8}") = "4.Infrastructure", "4.Infrastructure", "{24B3198E-5FA6-4055-8471-FD06287CCAD2}"
EndProject
Project("{9A19103F-16F7-4668-BE54-9A1E7A4F7556}") = "HXShopCoreApp.Data", "HXShopCoreApp.Data\HXShopCoreApp.Data.csproj", "{4AD1616A-5AA3-461C-94F8-ACFAC6AAEB03}"
EndProject
Project("{9A19103F-16F7-4668-BE54-9A1E7A4F7556}") = "HXShopCoreApp.Data.EF", "HXShopCoreApp.Data.EF\HXShopCoreApp.Data.EF.csproj", "{58EE226A-1DC6-48C6-B390-8C89A378CF56}"
EndProject
Project("{9A19103F-16F7-4668-BE54-9A1E7A4F7556}") = "HXShopCoreApp.Application", "HXShopCoreApp.Application\HXShopCoreApp.Application.csproj", "{3CF02959-25F6-4AD6-94EE-660DBCAF6370}"
EndProject
Project("{9A19103F-16F7-4668-BE54-9A1E7A4F7556}") = "HXShopCoreApp.Infrastructure", "HXShopCoreApp.Infrastructure\HXShopCoreApp.Infrastructure.csproj", "{41DFB48B-7752-4A55-B9AF-C041D1B97EFD}"
EndProject
Project("{9A19103F-16F7-4668-BE54-9A1E7A4F7556}") = "HXShopCoreApp.Utilities", "HXShopCoreApp.Utilities\HXShopCoreApp.Utilities.csproj", "{B79E874A-18E8-4555-A4A1-EAB37EC47905}"
EndProject
Global
	GlobalSection(SolutionConfigurationPlatforms) = preSolution
		Debug|Any CPU = Debug|Any CPU
		Release|Any CPU = Release|Any CPU
	EndGlobalSection
	GlobalSection(ProjectConfigurationPlatforms) = postSolution
		{2A470A10-8738-4A14-8A1F-733EED6BE1A0}.Debug|Any CPU.ActiveCfg = Debug|Any CPU
		{2A470A10-8738-4A14-8A1F-733EED6BE1A0}.Debug|Any CPU.Build.0 = Debug|Any CPU
		{2A470A10-8738-4A14-8A1F-733EED6BE1A0}.Release|Any CPU.ActiveCfg = Release|Any CPU
		{2A470A10-8738-4A14-8A1F-733EED6BE1A0}.Release|Any CPU.Build.0 = Release|Any CPU
		{4AD1616A-5AA3-461C-94F8-ACFAC6AAEB03}.Debug|Any CPU.ActiveCfg = Debug|Any CPU
		{4AD1616A-5AA3-461C-94F8-ACFAC6AAEB03}.Debug|Any CPU.Build.0 = Debug|Any CPU
		{4AD1616A-5AA3-461C-94F8-ACFAC6AAEB03}.Release|Any CPU.ActiveCfg = Release|Any CPU
		{4AD1616A-5AA3-461C-94F8-ACFAC6AAEB03}.Release|Any CPU.Build.0 = Release|Any CPU
		{58EE226A-1DC6-48C6-B390-8C89A378CF56}.Debug|Any CPU.ActiveCfg = Debug|Any CPU
		{58EE226A-1DC6-48C6-B390-8C89A378CF56}.Debug|Any CPU.Build.0 = Debug|Any CPU
		{58EE226A-1DC6-48C6-B390-8C89A378CF56}.Release|Any CPU.ActiveCfg = Release|Any CPU
		{58EE226A-1DC6-48C6-B390-8C89A378CF56}.Release|Any CPU.Build.0 = Release|Any CPU
		{3CF02959-25F6-4AD6-94EE-660DBCAF6370}.Debug|Any CPU.ActiveCfg = Debug|Any CPU
		{3CF02959-25F6-4AD6-94EE-660DBCAF6370}.Debug|Any CPU.Build.0 = Debug|Any CPU
		{3CF02959-25F6-4AD6-94EE-660DBCAF6370}.Release|Any CPU.ActiveCfg = Release|Any CPU
		{3CF02959-25F6-4AD6-94EE-660DBCAF6370}.Release|Any CPU.Build.0 = Release|Any CPU
		{41DFB48B-7752-4A55-B9AF-C041D1B97EFD}.Debug|Any CPU.ActiveCfg = Debug|Any CPU
		{41DFB48B-7752-4A55-B9AF-C041D1B97EFD}.Debug|Any CPU.Build.0 = Debug|Any CPU
		{41DFB48B-7752-4A55-B9AF-C041D1B97EFD}.Release|Any CPU.ActiveCfg = Release|Any CPU
		{41DFB48B-7752-4A55-B9AF-C041D1B97EFD}.Release|Any CPU.Build.0 = Release|Any CPU
		{B79E874A-18E8-4555-A4A1-EAB37EC47905}.Debug|Any CPU.ActiveCfg = Debug|Any CPU
		{B79E874A-18E8-4555-A4A1-EAB37EC47905}.Debug|Any CPU.Build.0 = Debug|Any CPU
		{B79E874A-18E8-4555-A4A1-EAB37EC47905}.Release|Any CPU.ActiveCfg = Release|Any CPU
		{B79E874A-18E8-4555-A4A1-EAB37EC47905}.Release|Any CPU.Build.0 = Release|Any CPU
	EndGlobalSection
	GlobalSection(SolutionProperties) = preSolution
		HideSolutionNode = FALSE
	EndGlobalSection
	GlobalSection(NestedProjects) = preSolution
		{2A470A10-8738-4A14-8A1F-733EED6BE1A0} = {97DDE1F8-7F7A-4E2D-A0F6-81D244AA3646}
		{4AD1616A-5AA3-461C-94F8-ACFAC6AAEB03} = {F40AC325-2396-4D49-A94F-46F21848C794}
		{58EE226A-1DC6-48C6-B390-8C89A378CF56} = {F40AC325-2396-4D49-A94F-46F21848C794}
		{3CF02959-25F6-4AD6-94EE-660DBCAF6370} = {36EB6C5C-F010-4BC7-B29C-91B462F5E591}
		{41DFB48B-7752-4A55-B9AF-C041D1B97EFD} = {24B3198E-5FA6-4055-8471-FD06287CCAD2}
		{B79E874A-18E8-4555-A4A1-EAB37EC47905} = {24B3198E-5FA6-4055-8471-FD06287CCAD2}
	EndGlobalSection
	GlobalSection(ExtensibilityGlobals) = postSolution
		SolutionGuid = {9370A227-2BD5-49D6-8933-64789E6EA850}
	EndGlobalSection
EndGlobal
